
Microsoft Visual Studio Solution File, Format Version 12.00
# Visual Studio Version 16
VisualStudioVersion = 16.0.29519.181
MinimumVisualStudioVersion = 10.0.40219.1
Project("{FAE04EC0-301F-11D3-BF4B-00C04F79EFBC}") = "JProject.Server.Core", "JProject.Server.Core\JProject.Server.Core.csproj", "{F61D56F4-8B30-4590-8D70-DBE82D5F30FE}"
EndProject
Project("{FAE04EC0-301F-11D3-BF4B-00C04F79EFBC}") = "JProject.Server.ShellConsole", "JProject.Server.ShellConsole\JProject.Server.ShellConsole.csproj", "{29DE0917-CC28-4358-AE3A-93C2BEBB5E6F}"
EndProject
Project("{FAE04EC0-301F-11D3-BF4B-00C04F79EFBC}") = "JProject.Server.TestClient", "JProject.Server.TestClient\JProject.Server.TestClient.csproj", "{3C480FB2-2C4D-4FEF-8128-476FEAB99544}"
EndProject
Global
	GlobalSection(SolutionConfigurationPlatforms) = preSolution
		Debug|Any CPU = Debug|Any CPU
		Release|Any CPU = Release|Any CPU
	EndGlobalSection
	GlobalSection(ProjectConfigurationPlatforms) = postSolution
		{F61D56F4-8B30-4590-8D70-DBE82D5F30FE}.Debug|Any CPU.ActiveCfg = Debug|Any CPU
		{F61D56F4-8B30-4590-8D70-DBE82D5F30FE}.Debug|Any CPU.Build.0 = Debug|Any CPU
		{F61D56F4-8B30-4590-8D70-DBE82D5F30FE}.Release|Any CPU.ActiveCfg = Release|Any CPU
		{F61D56F4-8B30-4590-8D70-DBE82D5F30FE}.Release|Any CPU.Build.0 = Release|Any CPU
		{29DE0917-CC28-4358-AE3A-93C2BEBB5E6F}.Debug|Any CPU.ActiveCfg = Debug|Any CPU
		{29DE0917-CC28-4358-AE3A-93C2BEBB5E6F}.Debug|Any CPU.Build.0 = Debug|Any CPU
		{29DE0917-CC28-4358-AE3A-93C2BEBB5E6F}.Release|Any CPU.ActiveCfg = Release|Any CPU
		{29DE0917-CC28-4358-AE3A-93C2BEBB5E6F}.Release|Any CPU.Build.0 = Release|Any CPU
		{3C480FB2-2C4D-4FEF-8128-476FEAB99544}.Debug|Any CPU.ActiveCfg = Debug|Any CPU
		{3C480FB2-2C4D-4FEF-8128-476FEAB99544}.Debug|Any CPU.Build.0 = Debug|Any CPU
		{3C480FB2-2C4D-4FEF-8128-476FEAB99544}.Release|Any CPU.ActiveCfg = Release|Any CPU
		{3C480FB2-2C4D-4FEF-8128-476FEAB99544}.Release|Any CPU.Build.0 = Release|Any CPU
	EndGlobalSection
	GlobalSection(SolutionProperties) = preSolution
		HideSolutionNode = FALSE
	EndGlobalSection
	GlobalSection(ExtensibilityGlobals) = postSolution
		SolutionGuid = {DB6EDA45-4258-4805-929D-0188427CA051}
	EndGlobalSection
EndGlobal
